
Microsoft Visual Studio Solution File, Format Version 12.00
# Visual Studio Version 17
VisualStudioVersion = 17.8.34511.84
MinimumVisualStudioVersion = 10.0.40219.1
Project("{FAE04EC0-301F-11D3-BF4B-00C04F79EFBC}") = "01. Day of Week", "01. Day of Week\01. Day of Week.csproj", "{B9E8A67E-6452-46C8-8F05-1DD8EBC26825}"
EndProject
Project("{FAE04EC0-301F-11D3-BF4B-00C04F79EFBC}") = "02.PrintNumbersInReverseOrder", "02.PrintNumbersInReverseOrder\02.PrintNumbersInReverseOrder.csproj", "{9C6D4F40-69DD-4A84-A185-4D9DEF2AAB85}"
EndProject
Project("{FAE04EC0-301F-11D3-BF4B-00C04F79EFBC}") = "03.RoundingNumbers", "03.RoundingNumbers\03.RoundingNumbers.csproj", "{89D915EC-B72E-4A1C-968B-0915B3811EE6}"
EndProject
Project("{FAE04EC0-301F-11D3-BF4B-00C04F79EFBC}") = "04.ReverseArrayOfStrings", "04.ReverseArrayOfStrings\04.ReverseArrayOfStrings.csproj", "{092DCF0D-72AB-4D45-B82C-88FB8F68980E}"
EndProject
Project("{FAE04EC0-301F-11D3-BF4B-00C04F79EFBC}") = "05.SumEvenNumbers", "05.SumEvenNumbers\05.SumEvenNumbers.csproj", "{D4868D61-C471-4548-9577-319BE3A3C9BC}"
EndProject
Project("{FAE04EC0-301F-11D3-BF4B-00C04F79EFBC}") = "06.EvenAndOddSubtraction", "06.EvenAndOddSubtraction\06.EvenAndOddSubtraction.csproj", "{1B6DB134-C774-4506-9C7E-422098D4B503}"
EndProject
Project("{FAE04EC0-301F-11D3-BF4B-00C04F79EFBC}") = "07.EqualArrays", "07.EqualArrays\07.EqualArrays.csproj", "{683CA5E9-3F66-43F2-A36A-C54F8E040353}"
EndProject
Project("{FAE04EC0-301F-11D3-BF4B-00C04F79EFBC}") = "08.CondenseArrayToNumber", "08.CondenseArrayToNumber\08.CondenseArrayToNumber.csproj", "{8AD2E8E8-69CD-4D91-9EFD-F3DC060634C3}"
EndProject
Global
	GlobalSection(SolutionConfigurationPlatforms) = preSolution
		Debug|Any CPU = Debug|Any CPU
		Release|Any CPU = Release|Any CPU
	EndGlobalSection
	GlobalSection(ProjectConfigurationPlatforms) = postSolution
		{B9E8A67E-6452-46C8-8F05-1DD8EBC26825}.Debug|Any CPU.ActiveCfg = Debug|Any CPU
		{B9E8A67E-6452-46C8-8F05-1DD8EBC26825}.Debug|Any CPU.Build.0 = Debug|Any CPU
		{B9E8A67E-6452-46C8-8F05-1DD8EBC26825}.Release|Any CPU.ActiveCfg = Release|Any CPU
		{B9E8A67E-6452-46C8-8F05-1DD8EBC26825}.Release|Any CPU.Build.0 = Release|Any CPU
		{9C6D4F40-69DD-4A84-A185-4D9DEF2AAB85}.Debug|Any CPU.ActiveCfg = Debug|Any CPU
		{9C6D4F40-69DD-4A84-A185-4D9DEF2AAB85}.Debug|Any CPU.Build.0 = Debug|Any CPU
		{9C6D4F40-69DD-4A84-A185-4D9DEF2AAB85}.Release|Any CPU.ActiveCfg = Release|Any CPU
		{9C6D4F40-69DD-4A84-A185-4D9DEF2AAB85}.Release|Any CPU.Build.0 = Release|Any CPU
		{89D915EC-B72E-4A1C-968B-0915B3811EE6}.Debug|Any CPU.ActiveCfg = Debug|Any CPU
		{89D915EC-B72E-4A1C-968B-0915B3811EE6}.Debug|Any CPU.Build.0 = Debug|Any CPU
		{89D915EC-B72E-4A1C-968B-0915B3811EE6}.Release|Any CPU.ActiveCfg = Release|Any CPU
		{89D915EC-B72E-4A1C-968B-0915B3811EE6}.Release|Any CPU.Build.0 = Release|Any CPU
		{092DCF0D-72AB-4D45-B82C-88FB8F68980E}.Debug|Any CPU.ActiveCfg = Debug|Any CPU
		{092DCF0D-72AB-4D45-B82C-88FB8F68980E}.Debug|Any CPU.Build.0 = Debug|Any CPU
		{092DCF0D-72AB-4D45-B82C-88FB8F68980E}.Release|Any CPU.ActiveCfg = Release|Any CPU
		{092DCF0D-72AB-4D45-B82C-88FB8F68980E}.Release|Any CPU.Build.0 = Release|Any CPU
		{D4868D61-C471-4548-9577-319BE3A3C9BC}.Debug|Any CPU.ActiveCfg = Debug|Any CPU
		{D4868D61-C471-4548-9577-319BE3A3C9BC}.Debug|Any CPU.Build.0 = Debug|Any CPU
		{D4868D61-C471-4548-9577-319BE3A3C9BC}.Release|Any CPU.ActiveCfg = Release|Any CPU
		{D4868D61-C471-4548-9577-319BE3A3C9BC}.Release|Any CPU.Build.0 = Release|Any CPU
		{1B6DB134-C774-4506-9C7E-422098D4B503}.Debug|Any CPU.ActiveCfg = Debug|Any CPU
		{1B6DB134-C774-4506-9C7E-422098D4B503}.Debug|Any CPU.Build.0 = Debug|Any CPU
		{1B6DB134-C774-4506-9C7E-422098D4B503}.Release|Any CPU.ActiveCfg = Release|Any CPU
		{1B6DB134-C774-4506-9C7E-422098D4B503}.Release|Any CPU.Build.0 = Release|Any CPU
		{683CA5E9-3F66-43F2-A36A-C54F8E040353}.Debug|Any CPU.ActiveCfg = Debug|Any CPU
		{683CA5E9-3F66-43F2-A36A-C54F8E040353}.Debug|Any CPU.Build.0 = Debug|Any CPU
		{683CA5E9-3F66-43F2-A36A-C54F8E040353}.Release|Any CPU.ActiveCfg = Release|Any CPU
		{683CA5E9-3F66-43F2-A36A-C54F8E040353}.Release|Any CPU.Build.0 = Release|Any CPU
		{8AD2E8E8-69CD-4D91-9EFD-F3DC060634C3}.Debug|Any CPU.ActiveCfg = Debug|Any CPU
		{8AD2E8E8-69CD-4D91-9EFD-F3DC060634C3}.Debug|Any CPU.Build.0 = Debug|Any CPU
		{8AD2E8E8-69CD-4D91-9EFD-F3DC060634C3}.Release|Any CPU.ActiveCfg = Release|Any CPU
		{8AD2E8E8-69CD-4D91-9EFD-F3DC060634C3}.Release|Any CPU.Build.0 = Release|Any CPU
	EndGlobalSection
	GlobalSection(SolutionProperties) = preSolution
		HideSolutionNode = FALSE
	EndGlobalSection
	GlobalSection(ExtensibilityGlobals) = postSolution
		SolutionGuid = {0EB06331-7198-4B4E-A2C2-9AD6DAE196DD}
	EndGlobalSection
EndGlobal
