
Microsoft Visual Studio Solution File, Format Version 12.00
# Visual Studio Version 17
VisualStudioVersion = 17.8.34511.84
MinimumVisualStudioVersion = 10.0.40219.1
Project("{FAE04EC0-301F-11D3-BF4B-00C04F79EFBC}") = "01.GuineaPig", "01.GuineaPig\01.GuineaPig.csproj", "{86783189-D888-4509-9935-E8F1F33043CD}"
EndProject
Project("{FAE04EC0-301F-11D3-BF4B-00C04F79EFBC}") = "02.ShoppingList", "02.ShoppingList\02.ShoppingList.csproj", "{94B54A5F-508B-4AC1-9BD6-2E8130D4FBE1}"
EndProject
Project("{FAE04EC0-301F-11D3-BF4B-00C04F79EFBC}") = "03.HeartDelivery", "03.HeartDelivery\03.HeartDelivery.csproj", "{9342CAE1-49B4-40C4-A046-B202D9914D5F}"
EndProject
Global
	GlobalSection(SolutionConfigurationPlatforms) = preSolution
		Debug|Any CPU = Debug|Any CPU
		Release|Any CPU = Release|Any CPU
	EndGlobalSection
	GlobalSection(ProjectConfigurationPlatforms) = postSolution
		{86783189-D888-4509-9935-E8F1F33043CD}.Debug|Any CPU.ActiveCfg = Debug|Any CPU
		{86783189-D888-4509-9935-E8F1F33043CD}.Debug|Any CPU.Build.0 = Debug|Any CPU
		{86783189-D888-4509-9935-E8F1F33043CD}.Release|Any CPU.ActiveCfg = Release|Any CPU
		{86783189-D888-4509-9935-E8F1F33043CD}.Release|Any CPU.Build.0 = Release|Any CPU
		{94B54A5F-508B-4AC1-9BD6-2E8130D4FBE1}.Debug|Any CPU.ActiveCfg = Debug|Any CPU
		{94B54A5F-508B-4AC1-9BD6-2E8130D4FBE1}.Debug|Any CPU.Build.0 = Debug|Any CPU
		{94B54A5F-508B-4AC1-9BD6-2E8130D4FBE1}.Release|Any CPU.ActiveCfg = Release|Any CPU
		{94B54A5F-508B-4AC1-9BD6-2E8130D4FBE1}.Release|Any CPU.Build.0 = Release|Any CPU
		{9342CAE1-49B4-40C4-A046-B202D9914D5F}.Debug|Any CPU.ActiveCfg = Debug|Any CPU
		{9342CAE1-49B4-40C4-A046-B202D9914D5F}.Debug|Any CPU.Build.0 = Debug|Any CPU
		{9342CAE1-49B4-40C4-A046-B202D9914D5F}.Release|Any CPU.ActiveCfg = Release|Any CPU
		{9342CAE1-49B4-40C4-A046-B202D9914D5F}.Release|Any CPU.Build.0 = Release|Any CPU
	EndGlobalSection
	GlobalSection(SolutionProperties) = preSolution
		HideSolutionNode = FALSE
	EndGlobalSection
	GlobalSection(ExtensibilityGlobals) = postSolution
		SolutionGuid = {32FB1619-DE03-4694-95BD-D43699087C34}
	EndGlobalSection
EndGlobal
