
Microsoft Visual Studio Solution File, Format Version 12.00
# Visual Studio Version 17
VisualStudioVersion = 17.9.34728.123
MinimumVisualStudioVersion = 10.0.40219.1
Project("{FAE04EC0-301F-11D3-BF4B-00C04F79EFBC}") = "Shapes", "01.Shapes\Shapes.csproj", "{960CC358-1515-4C30-A3FB-043FD1FA3A44}"
EndProject
Project("{FAE04EC0-301F-11D3-BF4B-00C04F79EFBC}") = "Cars", "02.Cars\Cars.csproj", "{7B21F172-EAFB-440C-B8BF-A46867395392}"
EndProject
Global
	GlobalSection(SolutionConfigurationPlatforms) = preSolution
		Debug|Any CPU = Debug|Any CPU
		Release|Any CPU = Release|Any CPU
	EndGlobalSection
	GlobalSection(ProjectConfigurationPlatforms) = postSolution
		{960CC358-1515-4C30-A3FB-043FD1FA3A44}.Debug|Any CPU.ActiveCfg = Debug|Any CPU
		{960CC358-1515-4C30-A3FB-043FD1FA3A44}.Debug|Any CPU.Build.0 = Debug|Any CPU
		{960CC358-1515-4C30-A3FB-043FD1FA3A44}.Release|Any CPU.ActiveCfg = Release|Any CPU
		{960CC358-1515-4C30-A3FB-043FD1FA3A44}.Release|Any CPU.Build.0 = Release|Any CPU
		{7B21F172-EAFB-440C-B8BF-A46867395392}.Debug|Any CPU.ActiveCfg = Debug|Any CPU
		{7B21F172-EAFB-440C-B8BF-A46867395392}.Debug|Any CPU.Build.0 = Debug|Any CPU
		{7B21F172-EAFB-440C-B8BF-A46867395392}.Release|Any CPU.ActiveCfg = Release|Any CPU
		{7B21F172-EAFB-440C-B8BF-A46867395392}.Release|Any CPU.Build.0 = Release|Any CPU
	EndGlobalSection
	GlobalSection(SolutionProperties) = preSolution
		HideSolutionNode = FALSE
	EndGlobalSection
	GlobalSection(ExtensibilityGlobals) = postSolution
		SolutionGuid = {6A00FE77-42AB-442D-B71D-ADFBE5CD64C1}
	EndGlobalSection
EndGlobal
