
Microsoft Visual Studio Solution File, Format Version 12.00
# Visual Studio Version 17
VisualStudioVersion = 17.8.34601.278
MinimumVisualStudioVersion = 10.0.40219.1
Project("{FAE04EC0-301F-11D3-BF4B-00C04F79EFBC}") = "01.DayOfWeek", "01.DayOfWeek\01.DayOfWeek.csproj", "{F6EC2132-68CC-44E5-A83E-4E1688456172}"
EndProject
Project("{FAE04EC0-301F-11D3-BF4B-00C04F79EFBC}") = "02.PrintNumbersInReverseOrder", "02.PrintNumbersInReverseOrder\02.PrintNumbersInReverseOrder.csproj", "{9AEEEF7A-292F-4FAB-97FC-D96802B57536}"
EndProject
Project("{FAE04EC0-301F-11D3-BF4B-00C04F79EFBC}") = "03.RoundingNumbers", "03.RoundingNumbers\03.RoundingNumbers.csproj", "{15E8A947-3F6B-4924-B864-E66A6BC60C8C}"
EndProject
Project("{FAE04EC0-301F-11D3-BF4B-00C04F79EFBC}") = "04.ReverseArrayOfStrings", "04.ReverseArrayOfStrings\04.ReverseArrayOfStrings.csproj", "{610BC510-FC31-48DE-A85D-09464BE827F8}"
EndProject
Project("{FAE04EC0-301F-11D3-BF4B-00C04F79EFBC}") = "05.SumEvenNumbers", "05.SumEvenNumbers\05.SumEvenNumbers.csproj", "{EFEE039C-8476-4E9C-BA7B-534DB9FC337F}"
EndProject
Project("{FAE04EC0-301F-11D3-BF4B-00C04F79EFBC}") = "06.EvenAndOddSubtraction", "06.EvenAndOddSubtraction\06.EvenAndOddSubtraction.csproj", "{3F2F2615-B848-446F-AEA1-D721DDCF4C3D}"
EndProject
Project("{FAE04EC0-301F-11D3-BF4B-00C04F79EFBC}") = "07.EqualArrays", "07.EqualArrays\07.EqualArrays.csproj", "{23260B93-C97C-4270-BD59-F6D3FFD9257C}"
EndProject
Project("{FAE04EC0-301F-11D3-BF4B-00C04F79EFBC}") = "08.CondenseArrayToNumber", "08.CondenseArrayToNumber\08.CondenseArrayToNumber.csproj", "{C746A0F9-82DC-4316-B09F-B513DA78A33A}"
EndProject
Global
	GlobalSection(SolutionConfigurationPlatforms) = preSolution
		Debug|Any CPU = Debug|Any CPU
		Release|Any CPU = Release|Any CPU
	EndGlobalSection
	GlobalSection(ProjectConfigurationPlatforms) = postSolution
		{F6EC2132-68CC-44E5-A83E-4E1688456172}.Debug|Any CPU.ActiveCfg = Debug|Any CPU
		{F6EC2132-68CC-44E5-A83E-4E1688456172}.Debug|Any CPU.Build.0 = Debug|Any CPU
		{F6EC2132-68CC-44E5-A83E-4E1688456172}.Release|Any CPU.ActiveCfg = Release|Any CPU
		{F6EC2132-68CC-44E5-A83E-4E1688456172}.Release|Any CPU.Build.0 = Release|Any CPU
		{9AEEEF7A-292F-4FAB-97FC-D96802B57536}.Debug|Any CPU.ActiveCfg = Debug|Any CPU
		{9AEEEF7A-292F-4FAB-97FC-D96802B57536}.Debug|Any CPU.Build.0 = Debug|Any CPU
		{9AEEEF7A-292F-4FAB-97FC-D96802B57536}.Release|Any CPU.ActiveCfg = Release|Any CPU
		{9AEEEF7A-292F-4FAB-97FC-D96802B57536}.Release|Any CPU.Build.0 = Release|Any CPU
		{15E8A947-3F6B-4924-B864-E66A6BC60C8C}.Debug|Any CPU.ActiveCfg = Debug|Any CPU
		{15E8A947-3F6B-4924-B864-E66A6BC60C8C}.Debug|Any CPU.Build.0 = Debug|Any CPU
		{15E8A947-3F6B-4924-B864-E66A6BC60C8C}.Release|Any CPU.ActiveCfg = Release|Any CPU
		{15E8A947-3F6B-4924-B864-E66A6BC60C8C}.Release|Any CPU.Build.0 = Release|Any CPU
		{610BC510-FC31-48DE-A85D-09464BE827F8}.Debug|Any CPU.ActiveCfg = Debug|Any CPU
		{610BC510-FC31-48DE-A85D-09464BE827F8}.Debug|Any CPU.Build.0 = Debug|Any CPU
		{610BC510-FC31-48DE-A85D-09464BE827F8}.Release|Any CPU.ActiveCfg = Release|Any CPU
		{610BC510-FC31-48DE-A85D-09464BE827F8}.Release|Any CPU.Build.0 = Release|Any CPU
		{EFEE039C-8476-4E9C-BA7B-534DB9FC337F}.Debug|Any CPU.ActiveCfg = Debug|Any CPU
		{EFEE039C-8476-4E9C-BA7B-534DB9FC337F}.Debug|Any CPU.Build.0 = Debug|Any CPU
		{EFEE039C-8476-4E9C-BA7B-534DB9FC337F}.Release|Any CPU.ActiveCfg = Release|Any CPU
		{EFEE039C-8476-4E9C-BA7B-534DB9FC337F}.Release|Any CPU.Build.0 = Release|Any CPU
		{3F2F2615-B848-446F-AEA1-D721DDCF4C3D}.Debug|Any CPU.ActiveCfg = Debug|Any CPU
		{3F2F2615-B848-446F-AEA1-D721DDCF4C3D}.Debug|Any CPU.Build.0 = Debug|Any CPU
		{3F2F2615-B848-446F-AEA1-D721DDCF4C3D}.Release|Any CPU.ActiveCfg = Release|Any CPU
		{3F2F2615-B848-446F-AEA1-D721DDCF4C3D}.Release|Any CPU.Build.0 = Release|Any CPU
		{23260B93-C97C-4270-BD59-F6D3FFD9257C}.Debug|Any CPU.ActiveCfg = Debug|Any CPU
		{23260B93-C97C-4270-BD59-F6D3FFD9257C}.Debug|Any CPU.Build.0 = Debug|Any CPU
		{23260B93-C97C-4270-BD59-F6D3FFD9257C}.Release|Any CPU.ActiveCfg = Release|Any CPU
		{23260B93-C97C-4270-BD59-F6D3FFD9257C}.Release|Any CPU.Build.0 = Release|Any CPU
		{C746A0F9-82DC-4316-B09F-B513DA78A33A}.Debug|Any CPU.ActiveCfg = Debug|Any CPU
		{C746A0F9-82DC-4316-B09F-B513DA78A33A}.Debug|Any CPU.Build.0 = Debug|Any CPU
		{C746A0F9-82DC-4316-B09F-B513DA78A33A}.Release|Any CPU.ActiveCfg = Release|Any CPU
		{C746A0F9-82DC-4316-B09F-B513DA78A33A}.Release|Any CPU.Build.0 = Release|Any CPU
	EndGlobalSection
	GlobalSection(SolutionProperties) = preSolution
		HideSolutionNode = FALSE
	EndGlobalSection
	GlobalSection(ExtensibilityGlobals) = postSolution
		SolutionGuid = {DB17441F-C031-4ED1-A860-F34ED9039CCC}
	EndGlobalSection
EndGlobal
