
Microsoft Visual Studio Solution File, Format Version 12.00
# Visual Studio Version 17
VisualStudioVersion = 17.9.34723.18
MinimumVisualStudioVersion = 10.0.40219.1
Project("{FAE04EC0-301F-11D3-BF4B-00C04F79EFBC}") = "01.Hogwarts", "ConsoleApp4\01.Hogwarts.csproj", "{917B42AD-EAE7-47C2-A460-5E6A43CDAF4E}"
EndProject
Project("{FAE04EC0-301F-11D3-BF4B-00C04F79EFBC}") = "02.BossRush", "ConsoleApp5\02.BossRush.csproj", "{408C35C2-5DD6-4F51-945A-DC5CF8846640}"
EndProject
Project("{FAE04EC0-301F-11D3-BF4B-00C04F79EFBC}") = "03.HeroRecruitment", "ConsoleApp6\03.HeroRecruitment.csproj", "{331B208E-432A-4C34-856D-9B709D8A6422}"
EndProject
Global
	GlobalSection(SolutionConfigurationPlatforms) = preSolution
		Debug|Any CPU = Debug|Any CPU
		Release|Any CPU = Release|Any CPU
	EndGlobalSection
	GlobalSection(ProjectConfigurationPlatforms) = postSolution
		{917B42AD-EAE7-47C2-A460-5E6A43CDAF4E}.Debug|Any CPU.ActiveCfg = Debug|Any CPU
		{917B42AD-EAE7-47C2-A460-5E6A43CDAF4E}.Debug|Any CPU.Build.0 = Debug|Any CPU
		{917B42AD-EAE7-47C2-A460-5E6A43CDAF4E}.Release|Any CPU.ActiveCfg = Release|Any CPU
		{917B42AD-EAE7-47C2-A460-5E6A43CDAF4E}.Release|Any CPU.Build.0 = Release|Any CPU
		{408C35C2-5DD6-4F51-945A-DC5CF8846640}.Debug|Any CPU.ActiveCfg = Debug|Any CPU
		{408C35C2-5DD6-4F51-945A-DC5CF8846640}.Debug|Any CPU.Build.0 = Debug|Any CPU
		{408C35C2-5DD6-4F51-945A-DC5CF8846640}.Release|Any CPU.ActiveCfg = Release|Any CPU
		{408C35C2-5DD6-4F51-945A-DC5CF8846640}.Release|Any CPU.Build.0 = Release|Any CPU
		{331B208E-432A-4C34-856D-9B709D8A6422}.Debug|Any CPU.ActiveCfg = Debug|Any CPU
		{331B208E-432A-4C34-856D-9B709D8A6422}.Debug|Any CPU.Build.0 = Debug|Any CPU
		{331B208E-432A-4C34-856D-9B709D8A6422}.Release|Any CPU.ActiveCfg = Release|Any CPU
		{331B208E-432A-4C34-856D-9B709D8A6422}.Release|Any CPU.Build.0 = Release|Any CPU
	EndGlobalSection
	GlobalSection(SolutionProperties) = preSolution
		HideSolutionNode = FALSE
	EndGlobalSection
	GlobalSection(ExtensibilityGlobals) = postSolution
		SolutionGuid = {0D8E6BC1-8C7F-4A7D-BB46-31E08A1D07DF}
	EndGlobalSection
EndGlobal
