
Microsoft Visual Studio Solution File, Format Version 12.00
# Visual Studio Version 17
VisualStudioVersion = 17.6.33829.357
MinimumVisualStudioVersion = 10.0.40219.1
Project("{9A19103F-16F7-4668-BE54-9A1E7A4F7556}") = "01.TrapeziodArea", "01.TrapeziodArea\01.TrapeziodArea.csproj", "{17C21BED-9131-4E8D-98FC-8C62C3FFF87D}"
EndProject
Project("{9A19103F-16F7-4668-BE54-9A1E7A4F7556}") = "02.TriangleArea", "02.TriangleArea\02.TriangleArea.csproj", "{40C482F1-5DEB-4336-9858-14B1B714A252}"
EndProject
Project("{9A19103F-16F7-4668-BE54-9A1E7A4F7556}") = "03.CelsiusToFahrenheit", "03.CelsiusToFahrenheit\03.CelsiusToFahrenheit.csproj", "{4F2C19E7-1EFA-4841-AD93-AFBFE53BF781}"
EndProject
Project("{9A19103F-16F7-4668-BE54-9A1E7A4F7556}") = "04.VegetableMarket", "04.VegetableMarket\04.VegetableMarket.csproj", "{F78497CE-8570-49E6-A2E5-159FE95ED61D}"
EndProject
Project("{9A19103F-16F7-4668-BE54-9A1E7A4F7556}") = "05.TrainingLab", "05.TrainingLab\05.TrainingLab.csproj", "{96D3E125-9E5F-40CE-916E-6F66C5AC8981}"
EndProject
Project("{9A19103F-16F7-4668-BE54-9A1E7A4F7556}") = "06.Fishland", "06.Fishland\06.Fishland.csproj", "{5FB8E5C4-8010-4D07-AE3A-FED0AEB43A3D}"
EndProject
Project("{9A19103F-16F7-4668-BE54-9A1E7A4F7556}") = "07.HousePainting", "07.HousePainting\07.HousePainting.csproj", "{41D312F2-0A39-4101-96DB-3062B7FBC64F}"
EndProject
Project("{9A19103F-16F7-4668-BE54-9A1E7A4F7556}") = "08.CircleAreaAndPerimeter", "08.CircleAreaAndPerimeter\08.CircleAreaAndPerimeter.csproj", "{6DCED25F-D44D-418A-BE8C-D19D70328B9C}"
EndProject
Project("{FAE04EC0-301F-11D3-BF4B-00C04F79EFBC}") = "09.WeatherForecast", "09.WeatherForecast\09.WeatherForecast.csproj", "{BAB9387F-5D35-438C-9628-65D37D6CD75B}"
EndProject
Project("{FAE04EC0-301F-11D3-BF4B-00C04F79EFBC}") = "10.WeatherForecast-Part2", "10.WeatherForecast-Part2\10.WeatherForecast-Part2.csproj", "{45CB2598-F96A-4BA3-8916-4C3460A47A46}"
EndProject
Global
	GlobalSection(SolutionConfigurationPlatforms) = preSolution
		Debug|Any CPU = Debug|Any CPU
		Release|Any CPU = Release|Any CPU
	EndGlobalSection
	GlobalSection(ProjectConfigurationPlatforms) = postSolution
		{17C21BED-9131-4E8D-98FC-8C62C3FFF87D}.Debug|Any CPU.ActiveCfg = Debug|Any CPU
		{17C21BED-9131-4E8D-98FC-8C62C3FFF87D}.Debug|Any CPU.Build.0 = Debug|Any CPU
		{17C21BED-9131-4E8D-98FC-8C62C3FFF87D}.Release|Any CPU.ActiveCfg = Release|Any CPU
		{17C21BED-9131-4E8D-98FC-8C62C3FFF87D}.Release|Any CPU.Build.0 = Release|Any CPU
		{40C482F1-5DEB-4336-9858-14B1B714A252}.Debug|Any CPU.ActiveCfg = Debug|Any CPU
		{40C482F1-5DEB-4336-9858-14B1B714A252}.Debug|Any CPU.Build.0 = Debug|Any CPU
		{40C482F1-5DEB-4336-9858-14B1B714A252}.Release|Any CPU.ActiveCfg = Release|Any CPU
		{40C482F1-5DEB-4336-9858-14B1B714A252}.Release|Any CPU.Build.0 = Release|Any CPU
		{4F2C19E7-1EFA-4841-AD93-AFBFE53BF781}.Debug|Any CPU.ActiveCfg = Debug|Any CPU
		{4F2C19E7-1EFA-4841-AD93-AFBFE53BF781}.Debug|Any CPU.Build.0 = Debug|Any CPU
		{4F2C19E7-1EFA-4841-AD93-AFBFE53BF781}.Release|Any CPU.ActiveCfg = Release|Any CPU
		{4F2C19E7-1EFA-4841-AD93-AFBFE53BF781}.Release|Any CPU.Build.0 = Release|Any CPU
		{F78497CE-8570-49E6-A2E5-159FE95ED61D}.Debug|Any CPU.ActiveCfg = Debug|Any CPU
		{F78497CE-8570-49E6-A2E5-159FE95ED61D}.Debug|Any CPU.Build.0 = Debug|Any CPU
		{F78497CE-8570-49E6-A2E5-159FE95ED61D}.Release|Any CPU.ActiveCfg = Release|Any CPU
		{F78497CE-8570-49E6-A2E5-159FE95ED61D}.Release|Any CPU.Build.0 = Release|Any CPU
		{96D3E125-9E5F-40CE-916E-6F66C5AC8981}.Debug|Any CPU.ActiveCfg = Debug|Any CPU
		{96D3E125-9E5F-40CE-916E-6F66C5AC8981}.Debug|Any CPU.Build.0 = Debug|Any CPU
		{96D3E125-9E5F-40CE-916E-6F66C5AC8981}.Release|Any CPU.ActiveCfg = Release|Any CPU
		{96D3E125-9E5F-40CE-916E-6F66C5AC8981}.Release|Any CPU.Build.0 = Release|Any CPU
		{5FB8E5C4-8010-4D07-AE3A-FED0AEB43A3D}.Debug|Any CPU.ActiveCfg = Debug|Any CPU
		{5FB8E5C4-8010-4D07-AE3A-FED0AEB43A3D}.Debug|Any CPU.Build.0 = Debug|Any CPU
		{5FB8E5C4-8010-4D07-AE3A-FED0AEB43A3D}.Release|Any CPU.ActiveCfg = Release|Any CPU
		{5FB8E5C4-8010-4D07-AE3A-FED0AEB43A3D}.Release|Any CPU.Build.0 = Release|Any CPU
		{41D312F2-0A39-4101-96DB-3062B7FBC64F}.Debug|Any CPU.ActiveCfg = Debug|Any CPU
		{41D312F2-0A39-4101-96DB-3062B7FBC64F}.Debug|Any CPU.Build.0 = Debug|Any CPU
		{41D312F2-0A39-4101-96DB-3062B7FBC64F}.Release|Any CPU.ActiveCfg = Release|Any CPU
		{41D312F2-0A39-4101-96DB-3062B7FBC64F}.Release|Any CPU.Build.0 = Release|Any CPU
		{6DCED25F-D44D-418A-BE8C-D19D70328B9C}.Debug|Any CPU.ActiveCfg = Debug|Any CPU
		{6DCED25F-D44D-418A-BE8C-D19D70328B9C}.Debug|Any CPU.Build.0 = Debug|Any CPU
		{6DCED25F-D44D-418A-BE8C-D19D70328B9C}.Release|Any CPU.ActiveCfg = Release|Any CPU
		{6DCED25F-D44D-418A-BE8C-D19D70328B9C}.Release|Any CPU.Build.0 = Release|Any CPU
		{BAB9387F-5D35-438C-9628-65D37D6CD75B}.Debug|Any CPU.ActiveCfg = Debug|Any CPU
		{BAB9387F-5D35-438C-9628-65D37D6CD75B}.Debug|Any CPU.Build.0 = Debug|Any CPU
		{BAB9387F-5D35-438C-9628-65D37D6CD75B}.Release|Any CPU.ActiveCfg = Release|Any CPU
		{BAB9387F-5D35-438C-9628-65D37D6CD75B}.Release|Any CPU.Build.0 = Release|Any CPU
		{45CB2598-F96A-4BA3-8916-4C3460A47A46}.Debug|Any CPU.ActiveCfg = Debug|Any CPU
		{45CB2598-F96A-4BA3-8916-4C3460A47A46}.Debug|Any CPU.Build.0 = Debug|Any CPU
		{45CB2598-F96A-4BA3-8916-4C3460A47A46}.Release|Any CPU.ActiveCfg = Release|Any CPU
		{45CB2598-F96A-4BA3-8916-4C3460A47A46}.Release|Any CPU.Build.0 = Release|Any CPU
	EndGlobalSection
	GlobalSection(SolutionProperties) = preSolution
		HideSolutionNode = FALSE
	EndGlobalSection
	GlobalSection(ExtensibilityGlobals) = postSolution
		SolutionGuid = {48FB22FE-9CE4-4572-9529-069E7C0F9FB8}
	EndGlobalSection
EndGlobal
