
Microsoft Visual Studio Solution File, Format Version 12.00
# Visual Studio Version 17
VisualStudioVersion = 17.8.34511.84
MinimumVisualStudioVersion = 10.0.40219.1
Project("{9A19103F-16F7-4668-BE54-9A1E7A4F7556}") = "01.Messaging", "01.Messaging\01.Messaging.csproj", "{C2F8406C-2AC1-4D1D-9119-358B99948763}"
EndProject
Project("{9A19103F-16F7-4668-BE54-9A1E7A4F7556}") = "02.CarRace", "02.CarRace\02.CarRace.csproj", "{6BB3E471-4BA9-46E1-AC56-22F198E6900A}"
EndProject
Project("{FAE04EC0-301F-11D3-BF4B-00C04F79EFBC}") = "03.TakeSkipRope", "03.TakeSkipRope\03.TakeSkipRope.csproj", "{EBEE4772-6AAF-4FB2-B19C-D869F41A3B3C}"
EndProject
Project("{FAE04EC0-301F-11D3-BF4B-00C04F79EFBC}") = "04.MixedUpLists", "04.MixedUpLists\04.MixedUpLists.csproj", "{A9EEFA81-29A0-46AC-887A-A3B578D26ED9}"
EndProject
Project("{FAE04EC0-301F-11D3-BF4B-00C04F79EFBC}") = "05.DrumSet", "05.DrumSet\05.DrumSet.csproj", "{2113543F-F748-4B3A-BAE3-A448B8624CBF}"
EndProject
Global
	GlobalSection(SolutionConfigurationPlatforms) = preSolution
		Debug|Any CPU = Debug|Any CPU
		Release|Any CPU = Release|Any CPU
	EndGlobalSection
	GlobalSection(ProjectConfigurationPlatforms) = postSolution
		{C2F8406C-2AC1-4D1D-9119-358B99948763}.Debug|Any CPU.ActiveCfg = Debug|Any CPU
		{C2F8406C-2AC1-4D1D-9119-358B99948763}.Debug|Any CPU.Build.0 = Debug|Any CPU
		{C2F8406C-2AC1-4D1D-9119-358B99948763}.Release|Any CPU.ActiveCfg = Release|Any CPU
		{C2F8406C-2AC1-4D1D-9119-358B99948763}.Release|Any CPU.Build.0 = Release|Any CPU
		{6BB3E471-4BA9-46E1-AC56-22F198E6900A}.Debug|Any CPU.ActiveCfg = Debug|Any CPU
		{6BB3E471-4BA9-46E1-AC56-22F198E6900A}.Debug|Any CPU.Build.0 = Debug|Any CPU
		{6BB3E471-4BA9-46E1-AC56-22F198E6900A}.Release|Any CPU.ActiveCfg = Release|Any CPU
		{6BB3E471-4BA9-46E1-AC56-22F198E6900A}.Release|Any CPU.Build.0 = Release|Any CPU
		{EBEE4772-6AAF-4FB2-B19C-D869F41A3B3C}.Debug|Any CPU.ActiveCfg = Debug|Any CPU
		{EBEE4772-6AAF-4FB2-B19C-D869F41A3B3C}.Debug|Any CPU.Build.0 = Debug|Any CPU
		{EBEE4772-6AAF-4FB2-B19C-D869F41A3B3C}.Release|Any CPU.ActiveCfg = Release|Any CPU
		{EBEE4772-6AAF-4FB2-B19C-D869F41A3B3C}.Release|Any CPU.Build.0 = Release|Any CPU
		{A9EEFA81-29A0-46AC-887A-A3B578D26ED9}.Debug|Any CPU.ActiveCfg = Debug|Any CPU
		{A9EEFA81-29A0-46AC-887A-A3B578D26ED9}.Debug|Any CPU.Build.0 = Debug|Any CPU
		{A9EEFA81-29A0-46AC-887A-A3B578D26ED9}.Release|Any CPU.ActiveCfg = Release|Any CPU
		{A9EEFA81-29A0-46AC-887A-A3B578D26ED9}.Release|Any CPU.Build.0 = Release|Any CPU
		{2113543F-F748-4B3A-BAE3-A448B8624CBF}.Debug|Any CPU.ActiveCfg = Debug|Any CPU
		{2113543F-F748-4B3A-BAE3-A448B8624CBF}.Debug|Any CPU.Build.0 = Debug|Any CPU
		{2113543F-F748-4B3A-BAE3-A448B8624CBF}.Release|Any CPU.ActiveCfg = Release|Any CPU
		{2113543F-F748-4B3A-BAE3-A448B8624CBF}.Release|Any CPU.Build.0 = Release|Any CPU
	EndGlobalSection
	GlobalSection(SolutionProperties) = preSolution
		HideSolutionNode = FALSE
	EndGlobalSection
	GlobalSection(ExtensibilityGlobals) = postSolution
		SolutionGuid = {A56FEE29-76EE-4A28-8505-F9D20FFB3A2E}
	EndGlobalSection
EndGlobal
