
Microsoft Visual Studio Solution File, Format Version 12.00
# Visual Studio Version 17
VisualStudioVersion = 17.9.34728.123
MinimumVisualStudioVersion = 10.0.40219.1
Project("{FAE04EC0-301F-11D3-BF4B-00C04F79EFBC}") = "01.RapidCourier", "01.RapidCourier\01.RapidCourier.csproj", "{E3270195-A570-41EF-AEAC-68BC5F407DF7}"
EndProject
Project("{FAE04EC0-301F-11D3-BF4B-00C04F79EFBC}") = "02.Beesy", "02.Beesy\02.Beesy.csproj", "{56DAFC03-ABA8-4C8A-8EF9-BD911CB2069A}"
EndProject
Global
	GlobalSection(SolutionConfigurationPlatforms) = preSolution
		Debug|Any CPU = Debug|Any CPU
		Release|Any CPU = Release|Any CPU
	EndGlobalSection
	GlobalSection(ProjectConfigurationPlatforms) = postSolution
		{E3270195-A570-41EF-AEAC-68BC5F407DF7}.Debug|Any CPU.ActiveCfg = Debug|Any CPU
		{E3270195-A570-41EF-AEAC-68BC5F407DF7}.Debug|Any CPU.Build.0 = Debug|Any CPU
		{E3270195-A570-41EF-AEAC-68BC5F407DF7}.Release|Any CPU.ActiveCfg = Release|Any CPU
		{E3270195-A570-41EF-AEAC-68BC5F407DF7}.Release|Any CPU.Build.0 = Release|Any CPU
		{56DAFC03-ABA8-4C8A-8EF9-BD911CB2069A}.Debug|Any CPU.ActiveCfg = Debug|Any CPU
		{56DAFC03-ABA8-4C8A-8EF9-BD911CB2069A}.Debug|Any CPU.Build.0 = Debug|Any CPU
		{56DAFC03-ABA8-4C8A-8EF9-BD911CB2069A}.Release|Any CPU.ActiveCfg = Release|Any CPU
		{56DAFC03-ABA8-4C8A-8EF9-BD911CB2069A}.Release|Any CPU.Build.0 = Release|Any CPU
	EndGlobalSection
	GlobalSection(SolutionProperties) = preSolution
		HideSolutionNode = FALSE
	EndGlobalSection
	GlobalSection(ExtensibilityGlobals) = postSolution
		SolutionGuid = {63016674-A43E-4154-94DC-42FB058DA9DE}
	EndGlobalSection
EndGlobal
