
Microsoft Visual Studio Solution File, Format Version 12.00
# Visual Studio Version 17
VisualStudioVersion = 17.9.34728.123
MinimumVisualStudioVersion = 10.0.40219.1
Project("{FAE04EC0-301F-11D3-BF4B-00C04F79EFBC}") = "Operations", "Operations\Operations.csproj", "{A0E55F16-2A27-4939-9282-23C88C7E3693}"
EndProject
Project("{FAE04EC0-301F-11D3-BF4B-00C04F79EFBC}") = "Animals", "Animals\Animals.csproj", "{A425E8DF-BFF0-41F5-B13B-F5548B838024}"
EndProject
Project("{FAE04EC0-301F-11D3-BF4B-00C04F79EFBC}") = "Shapes", "Shapes\Shapes.csproj", "{A0B6A715-F52A-42E6-AA08-8D4C5285301A}"
EndProject
Global
	GlobalSection(SolutionConfigurationPlatforms) = preSolution
		Debug|Any CPU = Debug|Any CPU
		Release|Any CPU = Release|Any CPU
	EndGlobalSection
	GlobalSection(ProjectConfigurationPlatforms) = postSolution
		{A0E55F16-2A27-4939-9282-23C88C7E3693}.Debug|Any CPU.ActiveCfg = Debug|Any CPU
		{A0E55F16-2A27-4939-9282-23C88C7E3693}.Debug|Any CPU.Build.0 = Debug|Any CPU
		{A0E55F16-2A27-4939-9282-23C88C7E3693}.Release|Any CPU.ActiveCfg = Release|Any CPU
		{A0E55F16-2A27-4939-9282-23C88C7E3693}.Release|Any CPU.Build.0 = Release|Any CPU
		{A425E8DF-BFF0-41F5-B13B-F5548B838024}.Debug|Any CPU.ActiveCfg = Debug|Any CPU
		{A425E8DF-BFF0-41F5-B13B-F5548B838024}.Debug|Any CPU.Build.0 = Debug|Any CPU
		{A425E8DF-BFF0-41F5-B13B-F5548B838024}.Release|Any CPU.ActiveCfg = Release|Any CPU
		{A425E8DF-BFF0-41F5-B13B-F5548B838024}.Release|Any CPU.Build.0 = Release|Any CPU
		{A0B6A715-F52A-42E6-AA08-8D4C5285301A}.Debug|Any CPU.ActiveCfg = Debug|Any CPU
		{A0B6A715-F52A-42E6-AA08-8D4C5285301A}.Debug|Any CPU.Build.0 = Debug|Any CPU
		{A0B6A715-F52A-42E6-AA08-8D4C5285301A}.Release|Any CPU.ActiveCfg = Release|Any CPU
		{A0B6A715-F52A-42E6-AA08-8D4C5285301A}.Release|Any CPU.Build.0 = Release|Any CPU
	EndGlobalSection
	GlobalSection(SolutionProperties) = preSolution
		HideSolutionNode = FALSE
	EndGlobalSection
	GlobalSection(ExtensibilityGlobals) = postSolution
		SolutionGuid = {4651590A-BD5F-4F53-B802-E3D057319B48}
	EndGlobalSection
EndGlobal
