
Microsoft Visual Studio Solution File, Format Version 12.00
# Visual Studio Version 17
VisualStudioVersion = 17.11.35219.272
MinimumVisualStudioVersion = 10.0.40219.1
Project("{9A19103F-16F7-4668-BE54-9A1E7A4F7556}") = "ElProApp.Web", "ElProApp.Web\ElProApp.Web.csproj", "{72083A9E-F60F-4696-B421-7E27AFCF738B}"
EndProject
Project("{2150E333-8FDC-42A3-9474-1A3956D46DE8}") = "Data", "Data", "{9F956262-B064-4C10-B343-9782B29F950E}"
EndProject
Project("{2150E333-8FDC-42A3-9474-1A3956D46DE8}") = "Web", "Web", "{45315417-F565-415A-A8CA-8DFB6DDB780E}"
EndProject
Project("{FAE04EC0-301F-11D3-BF4B-00C04F79EFBC}") = "ElProApp.Common", "ElProApp.Common\ElProApp.Common.csproj", "{E80A453C-8273-4F5C-B175-5EB8A4480B63}"
EndProject
Project("{FAE04EC0-301F-11D3-BF4B-00C04F79EFBC}") = "ElProApp.Data", "ElProApp.Data\ElProApp.Data.csproj", "{3A15ED5E-1477-48CA-86DA-B02E6727C558}"
EndProject
Project("{FAE04EC0-301F-11D3-BF4B-00C04F79EFBC}") = "ElProApp.Data.Models", "ElProApp.Data.Models\ElProApp.Data.Models.csproj", "{2F8309D1-B09C-4A5A-A83F-733B78945B95}"
EndProject
Project("{FAE04EC0-301F-11D3-BF4B-00C04F79EFBC}") = "ElProApp.Web.ViewModels", "ElProApp.Web.ViewModels\ElProApp.Web.ViewModels.csproj", "{706740E9-E18A-450C-84A5-AD6B20ADA593}"
EndProject
Global
	GlobalSection(SolutionConfigurationPlatforms) = preSolution
		Debug|Any CPU = Debug|Any CPU
		Release|Any CPU = Release|Any CPU
	EndGlobalSection
	GlobalSection(ProjectConfigurationPlatforms) = postSolution
		{72083A9E-F60F-4696-B421-7E27AFCF738B}.Debug|Any CPU.ActiveCfg = Debug|Any CPU
		{72083A9E-F60F-4696-B421-7E27AFCF738B}.Debug|Any CPU.Build.0 = Debug|Any CPU
		{72083A9E-F60F-4696-B421-7E27AFCF738B}.Release|Any CPU.ActiveCfg = Release|Any CPU
		{72083A9E-F60F-4696-B421-7E27AFCF738B}.Release|Any CPU.Build.0 = Release|Any CPU
		{E80A453C-8273-4F5C-B175-5EB8A4480B63}.Debug|Any CPU.ActiveCfg = Debug|Any CPU
		{E80A453C-8273-4F5C-B175-5EB8A4480B63}.Debug|Any CPU.Build.0 = Debug|Any CPU
		{E80A453C-8273-4F5C-B175-5EB8A4480B63}.Release|Any CPU.ActiveCfg = Release|Any CPU
		{E80A453C-8273-4F5C-B175-5EB8A4480B63}.Release|Any CPU.Build.0 = Release|Any CPU
		{3A15ED5E-1477-48CA-86DA-B02E6727C558}.Debug|Any CPU.ActiveCfg = Debug|Any CPU
		{3A15ED5E-1477-48CA-86DA-B02E6727C558}.Debug|Any CPU.Build.0 = Debug|Any CPU
		{3A15ED5E-1477-48CA-86DA-B02E6727C558}.Release|Any CPU.ActiveCfg = Release|Any CPU
		{3A15ED5E-1477-48CA-86DA-B02E6727C558}.Release|Any CPU.Build.0 = Release|Any CPU
		{2F8309D1-B09C-4A5A-A83F-733B78945B95}.Debug|Any CPU.ActiveCfg = Debug|Any CPU
		{2F8309D1-B09C-4A5A-A83F-733B78945B95}.Debug|Any CPU.Build.0 = Debug|Any CPU
		{2F8309D1-B09C-4A5A-A83F-733B78945B95}.Release|Any CPU.ActiveCfg = Release|Any CPU
		{2F8309D1-B09C-4A5A-A83F-733B78945B95}.Release|Any CPU.Build.0 = Release|Any CPU
		{706740E9-E18A-450C-84A5-AD6B20ADA593}.Debug|Any CPU.ActiveCfg = Debug|Any CPU
		{706740E9-E18A-450C-84A5-AD6B20ADA593}.Debug|Any CPU.Build.0 = Debug|Any CPU
		{706740E9-E18A-450C-84A5-AD6B20ADA593}.Release|Any CPU.ActiveCfg = Release|Any CPU
		{706740E9-E18A-450C-84A5-AD6B20ADA593}.Release|Any CPU.Build.0 = Release|Any CPU
	EndGlobalSection
	GlobalSection(SolutionProperties) = preSolution
		HideSolutionNode = FALSE
	EndGlobalSection
	GlobalSection(NestedProjects) = preSolution
		{72083A9E-F60F-4696-B421-7E27AFCF738B} = {45315417-F565-415A-A8CA-8DFB6DDB780E}
		{3A15ED5E-1477-48CA-86DA-B02E6727C558} = {9F956262-B064-4C10-B343-9782B29F950E}
		{2F8309D1-B09C-4A5A-A83F-733B78945B95} = {9F956262-B064-4C10-B343-9782B29F950E}
		{706740E9-E18A-450C-84A5-AD6B20ADA593} = {45315417-F565-415A-A8CA-8DFB6DDB780E}
	EndGlobalSection
	GlobalSection(ExtensibilityGlobals) = postSolution
		SolutionGuid = {CB46D04D-FE28-4ACD-AB93-D70AA69A1864}
	EndGlobalSection
EndGlobal
