
Microsoft Visual Studio Solution File, Format Version 12.00
# Visual Studio Version 17
VisualStudioVersion = 17.9.34728.123
MinimumVisualStudioVersion = 10.0.40219.1
Project("{FAE04EC0-301F-11D3-BF4B-00C04F79EFBC}") = "01.SquareRoot", "01.SquareRoot\01.SquareRoot.csproj", "{E6FB257F-A7EB-48F6-BEA6-3209A1EF778F}"
EndProject
Project("{FAE04EC0-301F-11D3-BF4B-00C04F79EFBC}") = "02.EnterNumbers", "02.EnterNumbers\02.EnterNumbers.csproj", "{CF3CC4F7-1495-4CD1-BB18-B71FB1B4B0BE}"
EndProject
Project("{FAE04EC0-301F-11D3-BF4B-00C04F79EFBC}") = "03.Cards", "03.Cards\03.Cards.csproj", "{1D1101C7-5261-4706-BAD5-7031B5B9BAF6}"
EndProject
Project("{FAE04EC0-301F-11D3-BF4B-00C04F79EFBC}") = "04.SumOfIntegers", "04.SumOfIntegers\04.SumOfIntegers.csproj", "{C93EA819-4A8A-4A16-BC56-C11AE11BE5FB}"
EndProject
Project("{FAE04EC0-301F-11D3-BF4B-00C04F79EFBC}") = "05.PlayCatch", "05.PlayCatch\05.PlayCatch.csproj", "{0766466A-6A2A-40E8-95AB-66855E36ACE6}"
EndProject
Global
	GlobalSection(SolutionConfigurationPlatforms) = preSolution
		Debug|Any CPU = Debug|Any CPU
		Release|Any CPU = Release|Any CPU
	EndGlobalSection
	GlobalSection(ProjectConfigurationPlatforms) = postSolution
		{E6FB257F-A7EB-48F6-BEA6-3209A1EF778F}.Debug|Any CPU.ActiveCfg = Debug|Any CPU
		{E6FB257F-A7EB-48F6-BEA6-3209A1EF778F}.Debug|Any CPU.Build.0 = Debug|Any CPU
		{E6FB257F-A7EB-48F6-BEA6-3209A1EF778F}.Release|Any CPU.ActiveCfg = Release|Any CPU
		{E6FB257F-A7EB-48F6-BEA6-3209A1EF778F}.Release|Any CPU.Build.0 = Release|Any CPU
		{CF3CC4F7-1495-4CD1-BB18-B71FB1B4B0BE}.Debug|Any CPU.ActiveCfg = Debug|Any CPU
		{CF3CC4F7-1495-4CD1-BB18-B71FB1B4B0BE}.Debug|Any CPU.Build.0 = Debug|Any CPU
		{CF3CC4F7-1495-4CD1-BB18-B71FB1B4B0BE}.Release|Any CPU.ActiveCfg = Release|Any CPU
		{CF3CC4F7-1495-4CD1-BB18-B71FB1B4B0BE}.Release|Any CPU.Build.0 = Release|Any CPU
		{1D1101C7-5261-4706-BAD5-7031B5B9BAF6}.Debug|Any CPU.ActiveCfg = Debug|Any CPU
		{1D1101C7-5261-4706-BAD5-7031B5B9BAF6}.Debug|Any CPU.Build.0 = Debug|Any CPU
		{1D1101C7-5261-4706-BAD5-7031B5B9BAF6}.Release|Any CPU.ActiveCfg = Release|Any CPU
		{1D1101C7-5261-4706-BAD5-7031B5B9BAF6}.Release|Any CPU.Build.0 = Release|Any CPU
		{C93EA819-4A8A-4A16-BC56-C11AE11BE5FB}.Debug|Any CPU.ActiveCfg = Debug|Any CPU
		{C93EA819-4A8A-4A16-BC56-C11AE11BE5FB}.Debug|Any CPU.Build.0 = Debug|Any CPU
		{C93EA819-4A8A-4A16-BC56-C11AE11BE5FB}.Release|Any CPU.ActiveCfg = Release|Any CPU
		{C93EA819-4A8A-4A16-BC56-C11AE11BE5FB}.Release|Any CPU.Build.0 = Release|Any CPU
		{0766466A-6A2A-40E8-95AB-66855E36ACE6}.Debug|Any CPU.ActiveCfg = Debug|Any CPU
		{0766466A-6A2A-40E8-95AB-66855E36ACE6}.Debug|Any CPU.Build.0 = Debug|Any CPU
		{0766466A-6A2A-40E8-95AB-66855E36ACE6}.Release|Any CPU.ActiveCfg = Release|Any CPU
		{0766466A-6A2A-40E8-95AB-66855E36ACE6}.Release|Any CPU.Build.0 = Release|Any CPU
	EndGlobalSection
	GlobalSection(SolutionProperties) = preSolution
		HideSolutionNode = FALSE
	EndGlobalSection
	GlobalSection(ExtensibilityGlobals) = postSolution
		SolutionGuid = {980AE70D-92C6-4098-AC12-27B5B7292F02}
	EndGlobalSection
EndGlobal
