
Microsoft Visual Studio Solution File, Format Version 12.00
# Visual Studio Version 17
VisualStudioVersion = 17.8.34601.278
MinimumVisualStudioVersion = 10.0.40219.1
Project("{FAE04EC0-301F-11D3-BF4B-00C04F79EFBC}") = "01.ExtractPersonInformation", "01.ExtractPersonInformation\01.ExtractPersonInformation.csproj", "{F730E44D-2B32-44E1-87EB-3AE41E52E50E}"
EndProject
Project("{FAE04EC0-301F-11D3-BF4B-00C04F79EFBC}") = "02.AsciiSumator", "02.AsciiSumator\02.AsciiSumator.csproj", "{B50F9DEB-B91E-4445-9DF0-A40AE85DFB54}"
EndProject
Project("{FAE04EC0-301F-11D3-BF4B-00C04F79EFBC}") = "03.TreasureFinder", "03.TreasureFinder\03.TreasureFinder.csproj", "{1CAE0F97-2C13-4C9D-89CD-F1B8BDE956C9}"
EndProject
Project("{FAE04EC0-301F-11D3-BF4B-00C04F79EFBC}") = "04.MorseCodeTranslator", "04.MorseCodeTranslator\04.MorseCodeTranslator.csproj", "{6F3A9C00-2C16-4551-B9BE-41910A1D017F}"
EndProject
Project("{FAE04EC0-301F-11D3-BF4B-00C04F79EFBC}") = "05.HTML", "05.HTML\05.HTML.csproj", "{C3DD8E8D-F541-4BAA-AF8B-D326D8BFD501}"
EndProject
Global
	GlobalSection(SolutionConfigurationPlatforms) = preSolution
		Debug|Any CPU = Debug|Any CPU
		Release|Any CPU = Release|Any CPU
	EndGlobalSection
	GlobalSection(ProjectConfigurationPlatforms) = postSolution
		{F730E44D-2B32-44E1-87EB-3AE41E52E50E}.Debug|Any CPU.ActiveCfg = Debug|Any CPU
		{F730E44D-2B32-44E1-87EB-3AE41E52E50E}.Debug|Any CPU.Build.0 = Debug|Any CPU
		{F730E44D-2B32-44E1-87EB-3AE41E52E50E}.Release|Any CPU.ActiveCfg = Release|Any CPU
		{F730E44D-2B32-44E1-87EB-3AE41E52E50E}.Release|Any CPU.Build.0 = Release|Any CPU
		{B50F9DEB-B91E-4445-9DF0-A40AE85DFB54}.Debug|Any CPU.ActiveCfg = Debug|Any CPU
		{B50F9DEB-B91E-4445-9DF0-A40AE85DFB54}.Debug|Any CPU.Build.0 = Debug|Any CPU
		{B50F9DEB-B91E-4445-9DF0-A40AE85DFB54}.Release|Any CPU.ActiveCfg = Release|Any CPU
		{B50F9DEB-B91E-4445-9DF0-A40AE85DFB54}.Release|Any CPU.Build.0 = Release|Any CPU
		{1CAE0F97-2C13-4C9D-89CD-F1B8BDE956C9}.Debug|Any CPU.ActiveCfg = Debug|Any CPU
		{1CAE0F97-2C13-4C9D-89CD-F1B8BDE956C9}.Debug|Any CPU.Build.0 = Debug|Any CPU
		{1CAE0F97-2C13-4C9D-89CD-F1B8BDE956C9}.Release|Any CPU.ActiveCfg = Release|Any CPU
		{1CAE0F97-2C13-4C9D-89CD-F1B8BDE956C9}.Release|Any CPU.Build.0 = Release|Any CPU
		{6F3A9C00-2C16-4551-B9BE-41910A1D017F}.Debug|Any CPU.ActiveCfg = Debug|Any CPU
		{6F3A9C00-2C16-4551-B9BE-41910A1D017F}.Debug|Any CPU.Build.0 = Debug|Any CPU
		{6F3A9C00-2C16-4551-B9BE-41910A1D017F}.Release|Any CPU.ActiveCfg = Release|Any CPU
		{6F3A9C00-2C16-4551-B9BE-41910A1D017F}.Release|Any CPU.Build.0 = Release|Any CPU
		{C3DD8E8D-F541-4BAA-AF8B-D326D8BFD501}.Debug|Any CPU.ActiveCfg = Debug|Any CPU
		{C3DD8E8D-F541-4BAA-AF8B-D326D8BFD501}.Debug|Any CPU.Build.0 = Debug|Any CPU
		{C3DD8E8D-F541-4BAA-AF8B-D326D8BFD501}.Release|Any CPU.ActiveCfg = Release|Any CPU
		{C3DD8E8D-F541-4BAA-AF8B-D326D8BFD501}.Release|Any CPU.Build.0 = Release|Any CPU
	EndGlobalSection
	GlobalSection(SolutionProperties) = preSolution
		HideSolutionNode = FALSE
	EndGlobalSection
	GlobalSection(ExtensibilityGlobals) = postSolution
		SolutionGuid = {6A8EC4B5-2746-4329-9E57-3E9CE36788DD}
	EndGlobalSection
EndGlobal
