
Microsoft Visual Studio Solution File, Format Version 12.00
# Visual Studio Version 17
VisualStudioVersion = 17.9.34607.119
MinimumVisualStudioVersion = 10.0.40219.1
Project("{FAE04EC0-301F-11D3-BF4B-00C04F79EFBC}") = "DataCenter", "DataCenter\DataCenter.csproj", "{5B3B352C-96BC-43A3-B37B-9D3130CB86DD}"
EndProject
Global
	GlobalSection(SolutionConfigurationPlatforms) = preSolution
		Debug|Any CPU = Debug|Any CPU
		Release|Any CPU = Release|Any CPU
	EndGlobalSection
	GlobalSection(ProjectConfigurationPlatforms) = postSolution
		{5B3B352C-96BC-43A3-B37B-9D3130CB86DD}.Debug|Any CPU.ActiveCfg = Debug|Any CPU
		{5B3B352C-96BC-43A3-B37B-9D3130CB86DD}.Debug|Any CPU.Build.0 = Debug|Any CPU
		{5B3B352C-96BC-43A3-B37B-9D3130CB86DD}.Release|Any CPU.ActiveCfg = Release|Any CPU
		{5B3B352C-96BC-43A3-B37B-9D3130CB86DD}.Release|Any CPU.Build.0 = Release|Any CPU
	EndGlobalSection
	GlobalSection(SolutionProperties) = preSolution
		HideSolutionNode = FALSE
	EndGlobalSection
	GlobalSection(ExtensibilityGlobals) = postSolution
		SolutionGuid = {1FD4D860-8DBC-4FC4-96BC-6B37C4A47B8D}
	EndGlobalSection
EndGlobal
