
Microsoft Visual Studio Solution File, Format Version 12.00
# Visual Studio Version 17
VisualStudioVersion = 17.9.34728.123
MinimumVisualStudioVersion = 10.0.40219.1
Project("{FAE04EC0-301F-11D3-BF4B-00C04F79EFBC}") = "IteratorsAndComparators", "01.Library\IteratorsAndComparators.csproj", "{6549F003-2681-49BA-872B-9BD299E03B9F}"
EndProject
Global
	GlobalSection(SolutionConfigurationPlatforms) = preSolution
		Debug|Any CPU = Debug|Any CPU
		Release|Any CPU = Release|Any CPU
	EndGlobalSection
	GlobalSection(ProjectConfigurationPlatforms) = postSolution
		{6549F003-2681-49BA-872B-9BD299E03B9F}.Debug|Any CPU.ActiveCfg = Debug|Any CPU
		{6549F003-2681-49BA-872B-9BD299E03B9F}.Debug|Any CPU.Build.0 = Debug|Any CPU
		{6549F003-2681-49BA-872B-9BD299E03B9F}.Release|Any CPU.ActiveCfg = Release|Any CPU
		{6549F003-2681-49BA-872B-9BD299E03B9F}.Release|Any CPU.Build.0 = Release|Any CPU
	EndGlobalSection
	GlobalSection(SolutionProperties) = preSolution
		HideSolutionNode = FALSE
	EndGlobalSection
	GlobalSection(ExtensibilityGlobals) = postSolution
		SolutionGuid = {364BB9ED-C391-4757-AC75-0B939C2B4E28}
	EndGlobalSection
EndGlobal
