
Microsoft Visual Studio Solution File, Format Version 12.00
# Visual Studio Version 17
VisualStudioVersion = 17.8.34601.278
MinimumVisualStudioVersion = 10.0.40219.1
Project("{FAE04EC0-301F-11D3-BF4B-00C04F79EFBC}") = "01.CompanyRoster", "01.CompanyRoster\01.CompanyRoster.csproj", "{61985CC9-D2C8-4D3A-8EB7-53A009AA745E}"
EndProject
Project("{FAE04EC0-301F-11D3-BF4B-00C04F79EFBC}") = "02.OldestFamilyMember", "02.OldestFamilyMember\02.OldestFamilyMember.csproj", "{70957BB4-45BC-4329-B3C2-E56DC6F7B79B}"
EndProject
Project("{FAE04EC0-301F-11D3-BF4B-00C04F79EFBC}") = "03.SpeedRacing", "03.SpeedRacing\03.SpeedRacing.csproj", "{59EB5533-FCA6-4701-812F-40D050CCB321}"
EndProject
Project("{FAE04EC0-301F-11D3-BF4B-00C04F79EFBC}") = "04.RawData", "04.RawData\04.RawData.csproj", "{29D6920A-0C2E-45A7-9E72-2F7D423BF677}"
EndProject
Project("{FAE04EC0-301F-11D3-BF4B-00C04F79EFBC}") = "05.ShoppingSpree", "05.ShoppingSpree\05.ShoppingSpree.csproj", "{91196D87-53AC-45B0-A9A8-23103CA4BAC6}"
EndProject
Global
	GlobalSection(SolutionConfigurationPlatforms) = preSolution
		Debug|Any CPU = Debug|Any CPU
		Release|Any CPU = Release|Any CPU
	EndGlobalSection
	GlobalSection(ProjectConfigurationPlatforms) = postSolution
		{61985CC9-D2C8-4D3A-8EB7-53A009AA745E}.Debug|Any CPU.ActiveCfg = Debug|Any CPU
		{61985CC9-D2C8-4D3A-8EB7-53A009AA745E}.Debug|Any CPU.Build.0 = Debug|Any CPU
		{61985CC9-D2C8-4D3A-8EB7-53A009AA745E}.Release|Any CPU.ActiveCfg = Release|Any CPU
		{61985CC9-D2C8-4D3A-8EB7-53A009AA745E}.Release|Any CPU.Build.0 = Release|Any CPU
		{70957BB4-45BC-4329-B3C2-E56DC6F7B79B}.Debug|Any CPU.ActiveCfg = Debug|Any CPU
		{70957BB4-45BC-4329-B3C2-E56DC6F7B79B}.Debug|Any CPU.Build.0 = Debug|Any CPU
		{70957BB4-45BC-4329-B3C2-E56DC6F7B79B}.Release|Any CPU.ActiveCfg = Release|Any CPU
		{70957BB4-45BC-4329-B3C2-E56DC6F7B79B}.Release|Any CPU.Build.0 = Release|Any CPU
		{59EB5533-FCA6-4701-812F-40D050CCB321}.Debug|Any CPU.ActiveCfg = Debug|Any CPU
		{59EB5533-FCA6-4701-812F-40D050CCB321}.Debug|Any CPU.Build.0 = Debug|Any CPU
		{59EB5533-FCA6-4701-812F-40D050CCB321}.Release|Any CPU.ActiveCfg = Release|Any CPU
		{59EB5533-FCA6-4701-812F-40D050CCB321}.Release|Any CPU.Build.0 = Release|Any CPU
		{29D6920A-0C2E-45A7-9E72-2F7D423BF677}.Debug|Any CPU.ActiveCfg = Debug|Any CPU
		{29D6920A-0C2E-45A7-9E72-2F7D423BF677}.Debug|Any CPU.Build.0 = Debug|Any CPU
		{29D6920A-0C2E-45A7-9E72-2F7D423BF677}.Release|Any CPU.ActiveCfg = Release|Any CPU
		{29D6920A-0C2E-45A7-9E72-2F7D423BF677}.Release|Any CPU.Build.0 = Release|Any CPU
		{91196D87-53AC-45B0-A9A8-23103CA4BAC6}.Debug|Any CPU.ActiveCfg = Debug|Any CPU
		{91196D87-53AC-45B0-A9A8-23103CA4BAC6}.Debug|Any CPU.Build.0 = Debug|Any CPU
		{91196D87-53AC-45B0-A9A8-23103CA4BAC6}.Release|Any CPU.ActiveCfg = Release|Any CPU
		{91196D87-53AC-45B0-A9A8-23103CA4BAC6}.Release|Any CPU.Build.0 = Release|Any CPU
	EndGlobalSection
	GlobalSection(SolutionProperties) = preSolution
		HideSolutionNode = FALSE
	EndGlobalSection
	GlobalSection(ExtensibilityGlobals) = postSolution
		SolutionGuid = {6822CFEC-35E3-48CF-8CD6-F3FE857FD167}
	EndGlobalSection
EndGlobal
