
Microsoft Visual Studio Solution File, Format Version 12.00
# Visual Studio Version 17
VisualStudioVersion = 17.6.33829.357
MinimumVisualStudioVersion = 10.0.40219.1
Project("{FAE04EC0-301F-11D3-BF4B-00C04F79EFBC}") = "01.PoolDay", "01.PoolDay\01.PoolDay.csproj", "{C9F7DDF3-004B-4AF4-AA80-B18D27D45850}"
EndProject
Project("{FAE04EC0-301F-11D3-BF4B-00C04F79EFBC}") = "02.FamilyTrip", "02.FamilyTrip\02.FamilyTrip.csproj", "{392B20D8-4105-4F73-952B-B5FBF5928EB3}"
EndProject
Project("{FAE04EC0-301F-11D3-BF4B-00C04F79EFBC}") = "03.CoffeeMachine", "03.CoffeeMachine\03.CoffeeMachine.csproj", "{3CB66264-9ECC-47D7-94A1-FA0975C4DDAC}"
EndProject
Project("{FAE04EC0-301F-11D3-BF4B-00C04F79EFBC}") = "03.TravelAgency", "03.TravelAgency\03.TravelAgency.csproj", "{A849FB4C-D033-4E47-9DA4-6AF35CF74DA2}"
EndProject
Project("{FAE04EC0-301F-11D3-BF4B-00C04F79EFBC}") = "04.Club", "04.Club\04.Club.csproj", "{122E6EE3-5C51-4C88-910C-995B9DE04822}"
EndProject
Global
	GlobalSection(SolutionConfigurationPlatforms) = preSolution
		Debug|Any CPU = Debug|Any CPU
		Release|Any CPU = Release|Any CPU
	EndGlobalSection
	GlobalSection(ProjectConfigurationPlatforms) = postSolution
		{C9F7DDF3-004B-4AF4-AA80-B18D27D45850}.Debug|Any CPU.ActiveCfg = Debug|Any CPU
		{C9F7DDF3-004B-4AF4-AA80-B18D27D45850}.Debug|Any CPU.Build.0 = Debug|Any CPU
		{C9F7DDF3-004B-4AF4-AA80-B18D27D45850}.Release|Any CPU.ActiveCfg = Release|Any CPU
		{C9F7DDF3-004B-4AF4-AA80-B18D27D45850}.Release|Any CPU.Build.0 = Release|Any CPU
		{392B20D8-4105-4F73-952B-B5FBF5928EB3}.Debug|Any CPU.ActiveCfg = Debug|Any CPU
		{392B20D8-4105-4F73-952B-B5FBF5928EB3}.Debug|Any CPU.Build.0 = Debug|Any CPU
		{392B20D8-4105-4F73-952B-B5FBF5928EB3}.Release|Any CPU.ActiveCfg = Release|Any CPU
		{392B20D8-4105-4F73-952B-B5FBF5928EB3}.Release|Any CPU.Build.0 = Release|Any CPU
		{3CB66264-9ECC-47D7-94A1-FA0975C4DDAC}.Debug|Any CPU.ActiveCfg = Debug|Any CPU
		{3CB66264-9ECC-47D7-94A1-FA0975C4DDAC}.Debug|Any CPU.Build.0 = Debug|Any CPU
		{3CB66264-9ECC-47D7-94A1-FA0975C4DDAC}.Release|Any CPU.ActiveCfg = Release|Any CPU
		{3CB66264-9ECC-47D7-94A1-FA0975C4DDAC}.Release|Any CPU.Build.0 = Release|Any CPU
		{A849FB4C-D033-4E47-9DA4-6AF35CF74DA2}.Debug|Any CPU.ActiveCfg = Debug|Any CPU
		{A849FB4C-D033-4E47-9DA4-6AF35CF74DA2}.Debug|Any CPU.Build.0 = Debug|Any CPU
		{A849FB4C-D033-4E47-9DA4-6AF35CF74DA2}.Release|Any CPU.ActiveCfg = Release|Any CPU
		{A849FB4C-D033-4E47-9DA4-6AF35CF74DA2}.Release|Any CPU.Build.0 = Release|Any CPU
		{122E6EE3-5C51-4C88-910C-995B9DE04822}.Debug|Any CPU.ActiveCfg = Debug|Any CPU
		{122E6EE3-5C51-4C88-910C-995B9DE04822}.Debug|Any CPU.Build.0 = Debug|Any CPU
		{122E6EE3-5C51-4C88-910C-995B9DE04822}.Release|Any CPU.ActiveCfg = Release|Any CPU
		{122E6EE3-5C51-4C88-910C-995B9DE04822}.Release|Any CPU.Build.0 = Release|Any CPU
	EndGlobalSection
	GlobalSection(SolutionProperties) = preSolution
		HideSolutionNode = FALSE
	EndGlobalSection
	GlobalSection(ExtensibilityGlobals) = postSolution
		SolutionGuid = {CBDA28D0-73E7-435D-BC61-2D834DDDCD54}
	EndGlobalSection
EndGlobal
