
Microsoft Visual Studio Solution File, Format Version 12.00
# Visual Studio Version 17
VisualStudioVersion = 17.9.34723.18
MinimumVisualStudioVersion = 10.0.40219.1
Project("{FAE04EC0-301F-11D3-BF4B-00C04F79EFBC}") = "01.Hogwarts", "01.Hogwarts\01.Hogwarts.csproj", "{327EF1A8-2D89-4D48-AEA6-FCB2A8440D1C}"
EndProject
Project("{FAE04EC0-301F-11D3-BF4B-00C04F79EFBC}") = "02.BossRush", "02.BossRush\02.BossRush.csproj", "{1D3D7C9D-9278-4B30-92B4-554B7356946C}"
EndProject
Project("{FAE04EC0-301F-11D3-BF4B-00C04F79EFBC}") = "03.HeroRecruitment", "03.HeroRecruitment\03.HeroRecruitment.csproj", "{2C658C1B-E334-4034-97EA-5E8142FF4179}"
EndProject
Global
	GlobalSection(SolutionConfigurationPlatforms) = preSolution
		Debug|Any CPU = Debug|Any CPU
		Release|Any CPU = Release|Any CPU
	EndGlobalSection
	GlobalSection(ProjectConfigurationPlatforms) = postSolution
		{327EF1A8-2D89-4D48-AEA6-FCB2A8440D1C}.Debug|Any CPU.ActiveCfg = Debug|Any CPU
		{327EF1A8-2D89-4D48-AEA6-FCB2A8440D1C}.Debug|Any CPU.Build.0 = Debug|Any CPU
		{327EF1A8-2D89-4D48-AEA6-FCB2A8440D1C}.Release|Any CPU.ActiveCfg = Release|Any CPU
		{327EF1A8-2D89-4D48-AEA6-FCB2A8440D1C}.Release|Any CPU.Build.0 = Release|Any CPU
		{1D3D7C9D-9278-4B30-92B4-554B7356946C}.Debug|Any CPU.ActiveCfg = Debug|Any CPU
		{1D3D7C9D-9278-4B30-92B4-554B7356946C}.Debug|Any CPU.Build.0 = Debug|Any CPU
		{1D3D7C9D-9278-4B30-92B4-554B7356946C}.Release|Any CPU.ActiveCfg = Release|Any CPU
		{1D3D7C9D-9278-4B30-92B4-554B7356946C}.Release|Any CPU.Build.0 = Release|Any CPU
		{2C658C1B-E334-4034-97EA-5E8142FF4179}.Debug|Any CPU.ActiveCfg = Debug|Any CPU
		{2C658C1B-E334-4034-97EA-5E8142FF4179}.Debug|Any CPU.Build.0 = Debug|Any CPU
		{2C658C1B-E334-4034-97EA-5E8142FF4179}.Release|Any CPU.ActiveCfg = Release|Any CPU
		{2C658C1B-E334-4034-97EA-5E8142FF4179}.Release|Any CPU.Build.0 = Release|Any CPU
	EndGlobalSection
	GlobalSection(SolutionProperties) = preSolution
		HideSolutionNode = FALSE
	EndGlobalSection
	GlobalSection(ExtensibilityGlobals) = postSolution
		SolutionGuid = {C1DC257E-956F-44D6-B83A-43A898FF45CE}
	EndGlobalSection
EndGlobal
